Microsoft Visual Studio Solution File, Format Version 12.00
# Visual Studio Version 17
VisualStudioVersion = 17.5.2.0
MinimumVisualStudioVersion = 10.0.40219.1
Project("{FAE04EC0-301F-11D3-BF4B-00C04F79EFBC}") = "laba_5_v2", "laba_5_v2.csproj", "{53F899A5-AB94-5D4F-7ABD-52C90F9A0DBA}"
EndProject
Global
	GlobalSection(SolutionConfigurationPlatforms) = preSolution
		Debug|Any CPU = Debug|Any CPU
		Release|Any CPU = Release|Any CPU
	EndGlobalSection
	GlobalSection(ProjectConfigurationPlatforms) = postSolution
		{53F899A5-AB94-5D4F-7ABD-52C90F9A0DBA}.Debug|Any CPU.ActiveCfg = Debug|Any CPU
		{53F899A5-AB94-5D4F-7ABD-52C90F9A0DBA}.Debug|Any CPU.Build.0 = Debug|Any CPU
		{53F899A5-AB94-5D4F-7ABD-52C90F9A0DBA}.Release|Any CPU.ActiveCfg = Release|Any CPU
		{53F899A5-AB94-5D4F-7ABD-52C90F9A0DBA}.Release|Any CPU.Build.0 = Release|Any CPU
	EndGlobalSection
	GlobalSection(SolutionProperties) = preSolution
		HideSolutionNode = FALSE
	EndGlobalSection
	GlobalSection(ExtensibilityGlobals) = postSolution
		SolutionGuid = {B174B2C7-346E-4ABB-9D88-1B3F0A4E9283}
	EndGlobalSection
EndGlobal
