
Microsoft Visual Studio Solution File, Format Version 12.00
# Visual Studio Version 17
VisualStudioVersion = 17.0.31903.59
MinimumVisualStudioVersion = 10.0.40219.1
Project("{FAE04EC0-301F-11D3-BF4B-00C04F79EFBC}") = "laba_6", "laba_6\laba_6.csproj", "{295A7F28-5E6C-4E84-AC90-C030D3707A9C}"
EndProject
Project("{FAE04EC0-301F-11D3-BF4B-00C04F79EFBC}") = "laba_6_v2", "laba_6_v2\laba_6_v2.csproj", "{669EC51C-B84C-438C-862B-2AE98E0DECF0}"
EndProject
Project("{FAE04EC0-301F-11D3-BF4B-00C04F79EFBC}") = "problem_6", "problem_6\problem_6.csproj", "{4F40ABCE-2719-477D-818F-EF87B2EE09E9}"
EndProject
Project("{FAE04EC0-301F-11D3-BF4B-00C04F79EFBC}") = "problem_6_v2", "problem_6_v2\problem_6_v2.csproj", "{24CF3E6E-F10C-453A-85F5-B690BC94043A}"
EndProject
Project("{FAE04EC0-301F-11D3-BF4B-00C04F79EFBC}") = "laba_7", "laba_7\laba_7.csproj", "{23D121BD-70CB-4B3D-BAC1-65BFC2AC5696}"
EndProject
Project("{FAE04EC0-301F-11D3-BF4B-00C04F79EFBC}") = "problem_7", "problem_7\problem_7.csproj", "{2169E4DA-0B41-4433-AB04-2EDE901C3201}"
EndProject
Project("{FAE04EC0-301F-11D3-BF4B-00C04F79EFBC}") = "laba_8", "laba_8\laba_8.csproj", "{BF25DD39-5BD1-4BB5-B025-F5498F9C326F}"
EndProject
Project("{FAE04EC0-301F-11D3-BF4B-00C04F79EFBC}") = "problem_8", "problem_8\problem_8.csproj", "{DD7CDAA9-0AFC-4226-B803-20F574A217CD}"
EndProject
Global
	GlobalSection(SolutionConfigurationPlatforms) = preSolution
		Debug|Any CPU = Debug|Any CPU
		Debug|x64 = Debug|x64
		Debug|x86 = Debug|x86
		Release|Any CPU = Release|Any CPU
		Release|x64 = Release|x64
		Release|x86 = Release|x86
	EndGlobalSection
	GlobalSection(ProjectConfigurationPlatforms) = postSolution
		{295A7F28-5E6C-4E84-AC90-C030D3707A9C}.Debug|Any CPU.ActiveCfg = Debug|Any CPU
		{295A7F28-5E6C-4E84-AC90-C030D3707A9C}.Debug|Any CPU.Build.0 = Debug|Any CPU
		{295A7F28-5E6C-4E84-AC90-C030D3707A9C}.Debug|x64.ActiveCfg = Debug|Any CPU
		{295A7F28-5E6C-4E84-AC90-C030D3707A9C}.Debug|x64.Build.0 = Debug|Any CPU
		{295A7F28-5E6C-4E84-AC90-C030D3707A9C}.Debug|x86.ActiveCfg = Debug|Any CPU
		{295A7F28-5E6C-4E84-AC90-C030D3707A9C}.Debug|x86.Build.0 = Debug|Any CPU
		{295A7F28-5E6C-4E84-AC90-C030D3707A9C}.Release|Any CPU.ActiveCfg = Release|Any CPU
		{295A7F28-5E6C-4E84-AC90-C030D3707A9C}.Release|Any CPU.Build.0 = Release|Any CPU
		{295A7F28-5E6C-4E84-AC90-C030D3707A9C}.Release|x64.ActiveCfg = Release|Any CPU
		{295A7F28-5E6C-4E84-AC90-C030D3707A9C}.Release|x64.Build.0 = Release|Any CPU
		{295A7F28-5E6C-4E84-AC90-C030D3707A9C}.Release|x86.ActiveCfg = Release|Any CPU
		{295A7F28-5E6C-4E84-AC90-C030D3707A9C}.Release|x86.Build.0 = Release|Any CPU
		{669EC51C-B84C-438C-862B-2AE98E0DECF0}.Debug|Any CPU.ActiveCfg = Debug|Any CPU
		{669EC51C-B84C-438C-862B-2AE98E0DECF0}.Debug|Any CPU.Build.0 = Debug|Any CPU
		{669EC51C-B84C-438C-862B-2AE98E0DECF0}.Debug|x64.ActiveCfg = Debug|Any CPU
		{669EC51C-B84C-438C-862B-2AE98E0DECF0}.Debug|x64.Build.0 = Debug|Any CPU
		{669EC51C-B84C-438C-862B-2AE98E0DECF0}.Debug|x86.ActiveCfg = Debug|Any CPU
		{669EC51C-B84C-438C-862B-2AE98E0DECF0}.Debug|x86.Build.0 = Debug|Any CPU
		{669EC51C-B84C-438C-862B-2AE98E0DECF0}.Release|Any CPU.ActiveCfg = Release|Any CPU
		{669EC51C-B84C-438C-862B-2AE98E0DECF0}.Release|Any CPU.Build.0 = Release|Any CPU
		{669EC51C-B84C-438C-862B-2AE98E0DECF0}.Release|x64.ActiveCfg = Release|Any CPU
		{669EC51C-B84C-438C-862B-2AE98E0DECF0}.Release|x64.Build.0 = Release|Any CPU
		{669EC51C-B84C-438C-862B-2AE98E0DECF0}.Release|x86.ActiveCfg = Release|Any CPU
		{669EC51C-B84C-438C-862B-2AE98E0DECF0}.Release|x86.Build.0 = Release|Any CPU
		{4F40ABCE-2719-477D-818F-EF87B2EE09E9}.Debug|Any CPU.ActiveCfg = Debug|Any CPU
		{4F40ABCE-2719-477D-818F-EF87B2EE09E9}.Debug|Any CPU.Build.0 = Debug|Any CPU
		{4F40ABCE-2719-477D-818F-EF87B2EE09E9}.Debug|x64.ActiveCfg = Debug|Any CPU
		{4F40ABCE-2719-477D-818F-EF87B2EE09E9}.Debug|x64.Build.0 = Debug|Any CPU
		{4F40ABCE-2719-477D-818F-EF87B2EE09E9}.Debug|x86.ActiveCfg = Debug|Any CPU
		{4F40ABCE-2719-477D-818F-EF87B2EE09E9}.Debug|x86.Build.0 = Debug|Any CPU
		{4F40ABCE-2719-477D-818F-EF87B2EE09E9}.Release|Any CPU.ActiveCfg = Release|Any CPU
		{4F40ABCE-2719-477D-818F-EF87B2EE09E9}.Release|Any CPU.Build.0 = Release|Any CPU
		{4F40ABCE-2719-477D-818F-EF87B2EE09E9}.Release|x64.ActiveCfg = Release|Any CPU
		{4F40ABCE-2719-477D-818F-EF87B2EE09E9}.Release|x64.Build.0 = Release|Any CPU
		{4F40ABCE-2719-477D-818F-EF87B2EE09E9}.Release|x86.ActiveCfg = Release|Any CPU
		{4F40ABCE-2719-477D-818F-EF87B2EE09E9}.Release|x86.Build.0 = Release|Any CPU
		{24CF3E6E-F10C-453A-85F5-B690BC94043A}.Debug|Any CPU.ActiveCfg = Debug|Any CPU
		{24CF3E6E-F10C-453A-85F5-B690BC94043A}.Debug|Any CPU.Build.0 = Debug|Any CPU
		{24CF3E6E-F10C-453A-85F5-B690BC94043A}.Debug|x64.ActiveCfg = Debug|Any CPU
		{24CF3E6E-F10C-453A-85F5-B690BC94043A}.Debug|x64.Build.0 = Debug|Any CPU
		{24CF3E6E-F10C-453A-85F5-B690BC94043A}.Debug|x86.ActiveCfg = Debug|Any CPU
		{24CF3E6E-F10C-453A-85F5-B690BC94043A}.Debug|x86.Build.0 = Debug|Any CPU
		{24CF3E6E-F10C-453A-85F5-B690BC94043A}.Release|Any CPU.ActiveCfg = Release|Any CPU
		{24CF3E6E-F10C-453A-85F5-B690BC94043A}.Release|Any CPU.Build.0 = Release|Any CPU
		{24CF3E6E-F10C-453A-85F5-B690BC94043A}.Release|x64.ActiveCfg = Release|Any CPU
		{24CF3E6E-F10C-453A-85F5-B690BC94043A}.Release|x64.Build.0 = Release|Any CPU
		{24CF3E6E-F10C-453A-85F5-B690BC94043A}.Release|x86.ActiveCfg = Release|Any CPU
		{24CF3E6E-F10C-453A-85F5-B690BC94043A}.Release|x86.Build.0 = Release|Any CPU
		{23D121BD-70CB-4B3D-BAC1-65BFC2AC5696}.Debug|Any CPU.ActiveCfg = Debug|Any CPU
		{23D121BD-70CB-4B3D-BAC1-65BFC2AC5696}.Debug|Any CPU.Build.0 = Debug|Any CPU
		{23D121BD-70CB-4B3D-BAC1-65BFC2AC5696}.Debug|x64.ActiveCfg = Debug|Any CPU
		{23D121BD-70CB-4B3D-BAC1-65BFC2AC5696}.Debug|x64.Build.0 = Debug|Any CPU
		{23D121BD-70CB-4B3D-BAC1-65BFC2AC5696}.Debug|x86.ActiveCfg = Debug|Any CPU
		{23D121BD-70CB-4B3D-BAC1-65BFC2AC5696}.Debug|x86.Build.0 = Debug|Any CPU
		{23D121BD-70CB-4B3D-BAC1-65BFC2AC5696}.Release|Any CPU.ActiveCfg = Release|Any CPU
		{23D121BD-70CB-4B3D-BAC1-65BFC2AC5696}.Release|Any CPU.Build.0 = Release|Any CPU
		{23D121BD-70CB-4B3D-BAC1-65BFC2AC5696}.Release|x64.ActiveCfg = Release|Any CPU
		{23D121BD-70CB-4B3D-BAC1-65BFC2AC5696}.Release|x64.Build.0 = Release|Any CPU
		{23D121BD-70CB-4B3D-BAC1-65BFC2AC5696}.Release|x86.ActiveCfg = Release|Any CPU
		{23D121BD-70CB-4B3D-BAC1-65BFC2AC5696}.Release|x86.Build.0 = Release|Any CPU
		{2169E4DA-0B41-4433-AB04-2EDE901C3201}.Debug|Any CPU.ActiveCfg = Debug|Any CPU
		{2169E4DA-0B41-4433-AB04-2EDE901C3201}.Debug|Any CPU.Build.0 = Debug|Any CPU
		{2169E4DA-0B41-4433-AB04-2EDE901C3201}.Debug|x64.ActiveCfg = Debug|Any CPU
		{2169E4DA-0B41-4433-AB04-2EDE901C3201}.Debug|x64.Build.0 = Debug|Any CPU
		{2169E4DA-0B41-4433-AB04-2EDE901C3201}.Debug|x86.ActiveCfg = Debug|Any CPU
		{2169E4DA-0B41-4433-AB04-2EDE901C3201}.Debug|x86.Build.0 = Debug|Any CPU
		{2169E4DA-0B41-4433-AB04-2EDE901C3201}.Release|Any CPU.ActiveCfg = Release|Any CPU
		{2169E4DA-0B41-4433-AB04-2EDE901C3201}.Release|Any CPU.Build.0 = Release|Any CPU
		{2169E4DA-0B41-4433-AB04-2EDE901C3201}.Release|x64.ActiveCfg = Release|Any CPU
		{2169E4DA-0B41-4433-AB04-2EDE901C3201}.Release|x64.Build.0 = Release|Any CPU
		{2169E4DA-0B41-4433-AB04-2EDE901C3201}.Release|x86.ActiveCfg = Release|Any CPU
		{2169E4DA-0B41-4433-AB04-2EDE901C3201}.Release|x86.Build.0 = Release|Any CPU
		{BF25DD39-5BD1-4BB5-B025-F5498F9C326F}.Debug|Any CPU.ActiveCfg = Debug|Any CPU
		{BF25DD39-5BD1-4BB5-B025-F5498F9C326F}.Debug|Any CPU.Build.0 = Debug|Any CPU
		{BF25DD39-5BD1-4BB5-B025-F5498F9C326F}.Debug|x64.ActiveCfg = Debug|Any CPU
		{BF25DD39-5BD1-4BB5-B025-F5498F9C326F}.Debug|x64.Build.0 = Debug|Any CPU
		{BF25DD39-5BD1-4BB5-B025-F5498F9C326F}.Debug|x86.ActiveCfg = Debug|Any CPU
		{BF25DD39-5BD1-4BB5-B025-F5498F9C326F}.Debug|x86.Build.0 = Debug|Any CPU
		{BF25DD39-5BD1-4BB5-B025-F5498F9C326F}.Release|Any CPU.ActiveCfg = Release|Any CPU
		{BF25DD39-5BD1-4BB5-B025-F5498F9C326F}.Release|Any CPU.Build.0 = Release|Any CPU
		{BF25DD39-5BD1-4BB5-B025-F5498F9C326F}.Release|x64.ActiveCfg = Release|Any CPU
		{BF25DD39-5BD1-4BB5-B025-F5498F9C326F}.Release|x64.Build.0 = Release|Any CPU
		{BF25DD39-5BD1-4BB5-B025-F5498F9C326F}.Release|x86.ActiveCfg = Release|Any CPU
		{BF25DD39-5BD1-4BB5-B025-F5498F9C326F}.Release|x86.Build.0 = Release|Any CPU
		{DD7CDAA9-0AFC-4226-B803-20F574A217CD}.Debug|Any CPU.ActiveCfg = Debug|Any CPU
		{DD7CDAA9-0AFC-4226-B803-20F574A217CD}.Debug|Any CPU.Build.0 = Debug|Any CPU
		{DD7CDAA9-0AFC-4226-B803-20F574A217CD}.Debug|x64.ActiveCfg = Debug|Any CPU
		{DD7CDAA9-0AFC-4226-B803-20F574A217CD}.Debug|x64.Build.0 = Debug|Any CPU
		{DD7CDAA9-0AFC-4226-B803-20F574A217CD}.Debug|x86.ActiveCfg = Debug|Any CPU
		{DD7CDAA9-0AFC-4226-B803-20F574A217CD}.Debug|x86.Build.0 = Debug|Any CPU
		{DD7CDAA9-0AFC-4226-B803-20F574A217CD}.Release|Any CPU.ActiveCfg = Release|Any CPU
		{DD7CDAA9-0AFC-4226-B803-20F574A217CD}.Release|Any CPU.Build.0 = Release|Any CPU
		{DD7CDAA9-0AFC-4226-B803-20F574A217CD}.Release|x64.ActiveCfg = Release|Any CPU
		{DD7CDAA9-0AFC-4226-B803-20F574A217CD}.Release|x64.Build.0 = Release|Any CPU
		{DD7CDAA9-0AFC-4226-B803-20F574A217CD}.Release|x86.ActiveCfg = Release|Any CPU
		{DD7CDAA9-0AFC-4226-B803-20F574A217CD}.Release|x86.Build.0 = Release|Any CPU
	EndGlobalSection
	GlobalSection(SolutionProperties) = preSolution
		HideSolutionNode = FALSE
	EndGlobalSection
EndGlobal
