
Microsoft Visual Studio Solution File, Format Version 12.00
# Visual Studio Version 17
VisualStudioVersion = 17.0.31903.59
MinimumVisualStudioVersion = 10.0.40219.1
Project("{FAE04EC0-301F-11D3-BF4B-00C04F79EFBC}") = "laba_6", "laba_6\laba_6.csproj", "{295A7F28-5E6C-4E84-AC90-C030D3707A9C}"
EndProject
Project("{FAE04EC0-301F-11D3-BF4B-00C04F79EFBC}") = "laba_6_v2", "laba_6_v2\laba_6_v2.csproj", "{669EC51C-B84C-438C-862B-2AE98E0DECF0}"
EndProject
Global
	GlobalSection(SolutionConfigurationPlatforms) = preSolution
		Debug|Any CPU = Debug|Any CPU
		Debug|x64 = Debug|x64
		Debug|x86 = Debug|x86
		Release|Any CPU = Release|Any CPU
		Release|x64 = Release|x64
		Release|x86 = Release|x86
	EndGlobalSection
	GlobalSection(ProjectConfigurationPlatforms) = postSolution
		{295A7F28-5E6C-4E84-AC90-C030D3707A9C}.Debug|Any CPU.ActiveCfg = Debug|Any CPU
		{295A7F28-5E6C-4E84-AC90-C030D3707A9C}.Debug|Any CPU.Build.0 = Debug|Any CPU
		{295A7F28-5E6C-4E84-AC90-C030D3707A9C}.Debug|x64.ActiveCfg = Debug|Any CPU
		{295A7F28-5E6C-4E84-AC90-C030D3707A9C}.Debug|x64.Build.0 = Debug|Any CPU
		{295A7F28-5E6C-4E84-AC90-C030D3707A9C}.Debug|x86.ActiveCfg = Debug|Any CPU
		{295A7F28-5E6C-4E84-AC90-C030D3707A9C}.Debug|x86.Build.0 = Debug|Any CPU
		{295A7F28-5E6C-4E84-AC90-C030D3707A9C}.Release|Any CPU.ActiveCfg = Release|Any CPU
		{295A7F28-5E6C-4E84-AC90-C030D3707A9C}.Release|Any CPU.Build.0 = Release|Any CPU
		{295A7F28-5E6C-4E84-AC90-C030D3707A9C}.Release|x64.ActiveCfg = Release|Any CPU
		{295A7F28-5E6C-4E84-AC90-C030D3707A9C}.Release|x64.Build.0 = Release|Any CPU
		{295A7F28-5E6C-4E84-AC90-C030D3707A9C}.Release|x86.ActiveCfg = Release|Any CPU
		{295A7F28-5E6C-4E84-AC90-C030D3707A9C}.Release|x86.Build.0 = Release|Any CPU
		{669EC51C-B84C-438C-862B-2AE98E0DECF0}.Debug|Any CPU.ActiveCfg = Debug|Any CPU
		{669EC51C-B84C-438C-862B-2AE98E0DECF0}.Debug|Any CPU.Build.0 = Debug|Any CPU
		{669EC51C-B84C-438C-862B-2AE98E0DECF0}.Debug|x64.ActiveCfg = Debug|Any CPU
		{669EC51C-B84C-438C-862B-2AE98E0DECF0}.Debug|x64.Build.0 = Debug|Any CPU
		{669EC51C-B84C-438C-862B-2AE98E0DECF0}.Debug|x86.ActiveCfg = Debug|Any CPU
		{669EC51C-B84C-438C-862B-2AE98E0DECF0}.Debug|x86.Build.0 = Debug|Any CPU
		{669EC51C-B84C-438C-862B-2AE98E0DECF0}.Release|Any CPU.ActiveCfg = Release|Any CPU
		{669EC51C-B84C-438C-862B-2AE98E0DECF0}.Release|Any CPU.Build.0 = Release|Any CPU
		{669EC51C-B84C-438C-862B-2AE98E0DECF0}.Release|x64.ActiveCfg = Release|Any CPU
		{669EC51C-B84C-438C-862B-2AE98E0DECF0}.Release|x64.Build.0 = Release|Any CPU
		{669EC51C-B84C-438C-862B-2AE98E0DECF0}.Release|x86.ActiveCfg = Release|Any CPU
		{669EC51C-B84C-438C-862B-2AE98E0DECF0}.Release|x86.Build.0 = Release|Any CPU
	EndGlobalSection
	GlobalSection(SolutionProperties) = preSolution
		HideSolutionNode = FALSE
	EndGlobalSection
EndGlobal
