Microsoft Visual Studio Solution File, Format Version 12.00
# Visual Studio Version 17
VisualStudioVersion = 17.5.2.0
MinimumVisualStudioVersion = 10.0.40219.1
Project("{FAE04EC0-301F-11D3-BF4B-00C04F79EFBC}") = "problem_6_v2", "problem_6_v2.csproj", "{EDE66F24-A4F8-9A9D-C27F-7F53BEB2B197}"
EndProject
Global
	GlobalSection(SolutionConfigurationPlatforms) = preSolution
		Debug|Any CPU = Debug|Any CPU
		Release|Any CPU = Release|Any CPU
	EndGlobalSection
	GlobalSection(ProjectConfigurationPlatforms) = postSolution
		{EDE66F24-A4F8-9A9D-C27F-7F53BEB2B197}.Debug|Any CPU.ActiveCfg = Debug|Any CPU
		{EDE66F24-A4F8-9A9D-C27F-7F53BEB2B197}.Debug|Any CPU.Build.0 = Debug|Any CPU
		{EDE66F24-A4F8-9A9D-C27F-7F53BEB2B197}.Release|Any CPU.ActiveCfg = Release|Any CPU
		{EDE66F24-A4F8-9A9D-C27F-7F53BEB2B197}.Release|Any CPU.Build.0 = Release|Any CPU
	EndGlobalSection
	GlobalSection(SolutionProperties) = preSolution
		HideSolutionNode = FALSE
	EndGlobalSection
	GlobalSection(ExtensibilityGlobals) = postSolution
		SolutionGuid = {F72281F8-1A8B-4FE2-BD91-CEBCF838FC15}
	EndGlobalSection
EndGlobal
