Microsoft Visual Studio Solution File, Format Version 12.00
# Visual Studio Version 17
VisualStudioVersion = 17.5.2.0
MinimumVisualStudioVersion = 10.0.40219.1
Project("{FAE04EC0-301F-11D3-BF4B-00C04F79EFBC}") = "laba_6_v2", "laba_6_v2.csproj", "{4C21890B-18B3-598A-4811-F803E4B8B91C}"
EndProject
Global
	GlobalSection(SolutionConfigurationPlatforms) = preSolution
		Debug|Any CPU = Debug|Any CPU
		Release|Any CPU = Release|Any CPU
	EndGlobalSection
	GlobalSection(ProjectConfigurationPlatforms) = postSolution
		{4C21890B-18B3-598A-4811-F803E4B8B91C}.Debug|Any CPU.ActiveCfg = Debug|Any CPU
		{4C21890B-18B3-598A-4811-F803E4B8B91C}.Debug|Any CPU.Build.0 = Debug|Any CPU
		{4C21890B-18B3-598A-4811-F803E4B8B91C}.Release|Any CPU.ActiveCfg = Release|Any CPU
		{4C21890B-18B3-598A-4811-F803E4B8B91C}.Release|Any CPU.Build.0 = Release|Any CPU
	EndGlobalSection
	GlobalSection(SolutionProperties) = preSolution
		HideSolutionNode = FALSE
	EndGlobalSection
	GlobalSection(ExtensibilityGlobals) = postSolution
		SolutionGuid = {6B17D04E-EEBA-4655-BB96-B3B151EC9B48}
	EndGlobalSection
EndGlobal
